
Microsoft Visual Studio Solution File, Format Version 12.00
# Visual Studio Version 16
VisualStudioVersion = 16.0.30717.126
MinimumVisualStudioVersion = 10.0.40219.1
Project("{FAE04EC0-301F-11D3-BF4B-00C04F79EFBC}") = "BlazorPeliculas.Server", "BlazorPeliculas\Server\BlazorPeliculas.Server.csproj", "{D211F3EF-1630-420E-A520-D45FE944D724}"
EndProject
Project("{FAE04EC0-301F-11D3-BF4B-00C04F79EFBC}") = "BlazorPeliculas.Client", "BlazorPeliculas\Client\BlazorPeliculas.Client.csproj", "{4E382403-7C35-4D4C-B209-507D740BDF80}"
EndProject
Project("{FAE04EC0-301F-11D3-BF4B-00C04F79EFBC}") = "BlazorPeliculas.Shared", "BlazorPeliculas\Shared\BlazorPeliculas.Shared.csproj", "{60BC3813-E6BD-47E0-A81A-CFE9AE50496B}"
EndProject
Global
	GlobalSection(SolutionConfigurationPlatforms) = preSolution
		Debug|Any CPU = Debug|Any CPU
		Release|Any CPU = Release|Any CPU
	EndGlobalSection
	GlobalSection(ProjectConfigurationPlatforms) = postSolution
		{D211F3EF-1630-420E-A520-D45FE944D724}.Debug|Any CPU.ActiveCfg = Debug|Any CPU
		{D211F3EF-1630-420E-A520-D45FE944D724}.Debug|Any CPU.Build.0 = Debug|Any CPU
		{D211F3EF-1630-420E-A520-D45FE944D724}.Release|Any CPU.ActiveCfg = Release|Any CPU
		{D211F3EF-1630-420E-A520-D45FE944D724}.Release|Any CPU.Build.0 = Release|Any CPU
		{4E382403-7C35-4D4C-B209-507D740BDF80}.Debug|Any CPU.ActiveCfg = Debug|Any CPU
		{4E382403-7C35-4D4C-B209-507D740BDF80}.Debug|Any CPU.Build.0 = Debug|Any CPU
		{4E382403-7C35-4D4C-B209-507D740BDF80}.Release|Any CPU.ActiveCfg = Release|Any CPU
		{4E382403-7C35-4D4C-B209-507D740BDF80}.Release|Any CPU.Build.0 = Release|Any CPU
		{60BC3813-E6BD-47E0-A81A-CFE9AE50496B}.Debug|Any CPU.ActiveCfg = Debug|Any CPU
		{60BC3813-E6BD-47E0-A81A-CFE9AE50496B}.Debug|Any CPU.Build.0 = Debug|Any CPU
		{60BC3813-E6BD-47E0-A81A-CFE9AE50496B}.Release|Any CPU.ActiveCfg = Release|Any CPU
		{60BC3813-E6BD-47E0-A81A-CFE9AE50496B}.Release|Any CPU.Build.0 = Release|Any CPU
	EndGlobalSection
	GlobalSection(SolutionProperties) = preSolution
		HideSolutionNode = FALSE
	EndGlobalSection
	GlobalSection(ExtensibilityGlobals) = postSolution
		SolutionGuid = {A8145B8E-A093-4826-9277-9229D3EAC093}
	EndGlobalSection
EndGlobal
